
Microsoft Visual Studio Solution File, Format Version 10.00
# Visual Studio 2008
Project("{FAE04EC0-301F-11D3-BF4B-00C04F79EFBC}") = "MacroCompiler", "MacroCompiler\MacroCompiler.csproj", "{7EA55FA4-E221-440F-86DE-1A844268B657}"
EndProject
Project("{FAE04EC0-301F-11D3-BF4B-00C04F79EFBC}") = "HPMacroComponents", "..\MacroKeywords\HPMacroKeywords\HPMacroComponents.csproj", "{7004F092-0C59-4590-96EB-79FF363B4C65}"
EndProject
Project("{FAE04EC0-301F-11D3-BF4B-00C04F79EFBC}") = "HPMacroCommon", "..\MacroComponents\HPMacroCompilerComponents\HPMacroCommon.csproj", "{253D6FE4-1F84-486F-99FA-0D52B0D2666E}"
EndProject
Project("{FAE04EC0-301F-11D3-BF4B-00C04F79EFBC}") = "UnitTestMacroCompiler", "UnitTestMacroCompiler\UnitTestMacroCompiler.csproj", "{F0650E7A-493E-43C7-847C-969C904BBF5F}"
EndProject
Project("{FAE04EC0-301F-11D3-BF4B-00C04F79EFBC}") = "MacroTestProgram", "..\MacroTestProgram\MacroTestProgram.csproj", "{2263E1F2-5F11-43C7-90DE-96C9CF6FC56E}"
EndProject
Project("{FAE04EC0-301F-11D3-BF4B-00C04F79EFBC}") = "UtilitiesVS2008WinCE", "..\..\LadderMonitor\UtilitiesVS2008WinCE\UtilitiesVS2008WinCE.csproj", "{73B16133-86BB-4062-98FE-B1C9F8B9AF04}"
EndProject
Project("{FAE04EC0-301F-11D3-BF4B-00C04F79EFBC}") = "HPArithmetic", "..\HPArithmetic\HPArithmetic.csproj", "{4A78DEF9-7E11-48B0-A71A-7CF45F0E26FC}"
EndProject
Project("{FAE04EC0-301F-11D3-BF4B-00C04F79EFBC}") = "HPMacroFunctions", "..\HPMacroFunctions\HPMacroFunctions.csproj", "{2F385AA8-32E4-40E2-8D4E-D93F2DB6ADF8}"
EndProject
Project("{FAE04EC0-301F-11D3-BF4B-00C04F79EFBC}") = "HPTypes", "..\HPTypes\HPTypes.csproj", "{CD77E0F8-6C5E-46A4-9B61-11F4A3193BEA}"
EndProject
Project("{FAE04EC0-301F-11D3-BF4B-00C04F79EFBC}") = "MacroVariableDB", "..\MacroVariableDB\MacroVariableDB.csproj", "{899BFC43-E16D-41E8-A294-F993DA76FE78}"
EndProject
Project("{FAE04EC0-301F-11D3-BF4B-00C04F79EFBC}") = "LoadIdentifierInterface", "..\LoadIdentifierInterface\LoadIdentifierInterface.csproj", "{A408887C-BDE1-45D2-B9FC-8759FF1D46A5}"
EndProject
Project("{2150E333-8FDC-42A3-9474-1A3956D46DE8}") = "IdentifierManage", "IdentifierManage", "{71E697C8-0B56-4CA0-A9D9-410532F0D5FF}"
EndProject
Project("{FAE04EC0-301F-11D3-BF4B-00C04F79EFBC}") = "HPMathExpression", "..\HPMathExpression\HPMathExpression.csproj", "{A29201FF-8DB5-4DEE-BDF6-9E3275B29DA2}"
EndProject
Project("{2150E333-8FDC-42A3-9474-1A3956D46DE8}") = "HPMacro", "HPMacro", "{44B3481F-DD41-4E3E-9F9D-796E2DB06DD7}"
EndProject
Project("{2150E333-8FDC-42A3-9474-1A3956D46DE8}") = "Obsolete", "Obsolete", "{DAA7FE69-922A-4500-9091-3B12E7DD3956}"
EndProject
Project("{FAE04EC0-301F-11D3-BF4B-00C04F79EFBC}") = "HPGCodeValidation", "..\HPGCodeValidation\HPGCodeValidation.csproj", "{EFBB07D5-5CE4-42E3-BD93-F830BF665510}"
EndProject
Project("{2150E333-8FDC-42A3-9474-1A3956D46DE8}") = "TextReader", "TextReader", "{1F3D2DE2-2B68-49F5-B267-B3394432D308}"
EndProject
Project("{FAE04EC0-301F-11D3-BF4B-00C04F79EFBC}") = "MacroTextReader", "MacroTextReader\MacroTextReader.csproj", "{7835E198-0952-49BF-8D40-A55C22C042AF}"
EndProject
Global
	GlobalSection(SolutionConfigurationPlatforms) = preSolution
		Debug|Any CPU = Debug|Any CPU
		Release|Any CPU = Release|Any CPU
	EndGlobalSection
	GlobalSection(ProjectConfigurationPlatforms) = postSolution
		{7EA55FA4-E221-440F-86DE-1A844268B657}.Debug|Any CPU.ActiveCfg = Debug|Any CPU
		{7EA55FA4-E221-440F-86DE-1A844268B657}.Debug|Any CPU.Build.0 = Debug|Any CPU
		{7EA55FA4-E221-440F-86DE-1A844268B657}.Release|Any CPU.ActiveCfg = Release|Any CPU
		{7EA55FA4-E221-440F-86DE-1A844268B657}.Release|Any CPU.Build.0 = Release|Any CPU
		{7004F092-0C59-4590-96EB-79FF363B4C65}.Debug|Any CPU.ActiveCfg = Debug|Any CPU
		{7004F092-0C59-4590-96EB-79FF363B4C65}.Debug|Any CPU.Build.0 = Debug|Any CPU
		{7004F092-0C59-4590-96EB-79FF363B4C65}.Release|Any CPU.ActiveCfg = Release|Any CPU
		{7004F092-0C59-4590-96EB-79FF363B4C65}.Release|Any CPU.Build.0 = Release|Any CPU
		{253D6FE4-1F84-486F-99FA-0D52B0D2666E}.Debug|Any CPU.ActiveCfg = Debug|Any CPU
		{253D6FE4-1F84-486F-99FA-0D52B0D2666E}.Debug|Any CPU.Build.0 = Debug|Any CPU
		{253D6FE4-1F84-486F-99FA-0D52B0D2666E}.Release|Any CPU.ActiveCfg = Release|Any CPU
		{253D6FE4-1F84-486F-99FA-0D52B0D2666E}.Release|Any CPU.Build.0 = Release|Any CPU
		{F0650E7A-493E-43C7-847C-969C904BBF5F}.Debug|Any CPU.ActiveCfg = Debug|Any CPU
		{F0650E7A-493E-43C7-847C-969C904BBF5F}.Debug|Any CPU.Build.0 = Debug|Any CPU
		{F0650E7A-493E-43C7-847C-969C904BBF5F}.Release|Any CPU.ActiveCfg = Release|Any CPU
		{F0650E7A-493E-43C7-847C-969C904BBF5F}.Release|Any CPU.Build.0 = Release|Any CPU
		{2263E1F2-5F11-43C7-90DE-96C9CF6FC56E}.Debug|Any CPU.ActiveCfg = Debug|Any CPU
		{2263E1F2-5F11-43C7-90DE-96C9CF6FC56E}.Debug|Any CPU.Build.0 = Debug|Any CPU
		{2263E1F2-5F11-43C7-90DE-96C9CF6FC56E}.Debug|Any CPU.Deploy.0 = Debug|Any CPU
		{2263E1F2-5F11-43C7-90DE-96C9CF6FC56E}.Release|Any CPU.ActiveCfg = Release|Any CPU
		{2263E1F2-5F11-43C7-90DE-96C9CF6FC56E}.Release|Any CPU.Build.0 = Release|Any CPU
		{2263E1F2-5F11-43C7-90DE-96C9CF6FC56E}.Release|Any CPU.Deploy.0 = Release|Any CPU
		{73B16133-86BB-4062-98FE-B1C9F8B9AF04}.Debug|Any CPU.ActiveCfg = Debug|Any CPU
		{73B16133-86BB-4062-98FE-B1C9F8B9AF04}.Debug|Any CPU.Build.0 = Debug|Any CPU
		{73B16133-86BB-4062-98FE-B1C9F8B9AF04}.Release|Any CPU.ActiveCfg = Release|Any CPU
		{73B16133-86BB-4062-98FE-B1C9F8B9AF04}.Release|Any CPU.Build.0 = Release|Any CPU
		{4A78DEF9-7E11-48B0-A71A-7CF45F0E26FC}.Debug|Any CPU.ActiveCfg = Debug|Any CPU
		{4A78DEF9-7E11-48B0-A71A-7CF45F0E26FC}.Debug|Any CPU.Build.0 = Debug|Any CPU
		{4A78DEF9-7E11-48B0-A71A-7CF45F0E26FC}.Release|Any CPU.ActiveCfg = Release|Any CPU
		{4A78DEF9-7E11-48B0-A71A-7CF45F0E26FC}.Release|Any CPU.Build.0 = Release|Any CPU
		{2F385AA8-32E4-40E2-8D4E-D93F2DB6ADF8}.Debug|Any CPU.ActiveCfg = Debug|Any CPU
		{2F385AA8-32E4-40E2-8D4E-D93F2DB6ADF8}.Debug|Any CPU.Build.0 = Debug|Any CPU
		{2F385AA8-32E4-40E2-8D4E-D93F2DB6ADF8}.Release|Any CPU.ActiveCfg = Release|Any CPU
		{2F385AA8-32E4-40E2-8D4E-D93F2DB6ADF8}.Release|Any CPU.Build.0 = Release|Any CPU
		{CD77E0F8-6C5E-46A4-9B61-11F4A3193BEA}.Debug|Any CPU.ActiveCfg = Debug|Any CPU
		{CD77E0F8-6C5E-46A4-9B61-11F4A3193BEA}.Debug|Any CPU.Build.0 = Debug|Any CPU
		{CD77E0F8-6C5E-46A4-9B61-11F4A3193BEA}.Release|Any CPU.ActiveCfg = Release|Any CPU
		{CD77E0F8-6C5E-46A4-9B61-11F4A3193BEA}.Release|Any CPU.Build.0 = Release|Any CPU
		{899BFC43-E16D-41E8-A294-F993DA76FE78}.Debug|Any CPU.ActiveCfg = Debug|Any CPU
		{899BFC43-E16D-41E8-A294-F993DA76FE78}.Debug|Any CPU.Build.0 = Debug|Any CPU
		{899BFC43-E16D-41E8-A294-F993DA76FE78}.Release|Any CPU.ActiveCfg = Release|Any CPU
		{899BFC43-E16D-41E8-A294-F993DA76FE78}.Release|Any CPU.Build.0 = Release|Any CPU
		{A408887C-BDE1-45D2-B9FC-8759FF1D46A5}.Debug|Any CPU.ActiveCfg = Debug|Any CPU
		{A408887C-BDE1-45D2-B9FC-8759FF1D46A5}.Debug|Any CPU.Build.0 = Debug|Any CPU
		{A408887C-BDE1-45D2-B9FC-8759FF1D46A5}.Release|Any CPU.ActiveCfg = Release|Any CPU
		{A408887C-BDE1-45D2-B9FC-8759FF1D46A5}.Release|Any CPU.Build.0 = Release|Any CPU
		{A29201FF-8DB5-4DEE-BDF6-9E3275B29DA2}.Debug|Any CPU.ActiveCfg = Debug|Any CPU
		{A29201FF-8DB5-4DEE-BDF6-9E3275B29DA2}.Debug|Any CPU.Build.0 = Debug|Any CPU
		{A29201FF-8DB5-4DEE-BDF6-9E3275B29DA2}.Release|Any CPU.ActiveCfg = Release|Any CPU
		{A29201FF-8DB5-4DEE-BDF6-9E3275B29DA2}.Release|Any CPU.Build.0 = Release|Any CPU
		{EFBB07D5-5CE4-42E3-BD93-F830BF665510}.Debug|Any CPU.ActiveCfg = Debug|Any CPU
		{EFBB07D5-5CE4-42E3-BD93-F830BF665510}.Debug|Any CPU.Build.0 = Debug|Any CPU
		{EFBB07D5-5CE4-42E3-BD93-F830BF665510}.Release|Any CPU.ActiveCfg = Release|Any CPU
		{EFBB07D5-5CE4-42E3-BD93-F830BF665510}.Release|Any CPU.Build.0 = Release|Any CPU
		{7835E198-0952-49BF-8D40-A55C22C042AF}.Debug|Any CPU.ActiveCfg = Debug|Any CPU
		{7835E198-0952-49BF-8D40-A55C22C042AF}.Debug|Any CPU.Build.0 = Debug|Any CPU
		{7835E198-0952-49BF-8D40-A55C22C042AF}.Release|Any CPU.ActiveCfg = Release|Any CPU
		{7835E198-0952-49BF-8D40-A55C22C042AF}.Release|Any CPU.Build.0 = Release|Any CPU
	EndGlobalSection
	GlobalSection(SolutionProperties) = preSolution
		HideSolutionNode = FALSE
	EndGlobalSection
	GlobalSection(NestedProjects) = preSolution
		{253D6FE4-1F84-486F-99FA-0D52B0D2666E} = {44B3481F-DD41-4E3E-9F9D-796E2DB06DD7}
		{2F385AA8-32E4-40E2-8D4E-D93F2DB6ADF8} = {44B3481F-DD41-4E3E-9F9D-796E2DB06DD7}
		{A29201FF-8DB5-4DEE-BDF6-9E3275B29DA2} = {44B3481F-DD41-4E3E-9F9D-796E2DB06DD7}
		{7004F092-0C59-4590-96EB-79FF363B4C65} = {44B3481F-DD41-4E3E-9F9D-796E2DB06DD7}
		{EFBB07D5-5CE4-42E3-BD93-F830BF665510} = {44B3481F-DD41-4E3E-9F9D-796E2DB06DD7}
		{4A78DEF9-7E11-48B0-A71A-7CF45F0E26FC} = {DAA7FE69-922A-4500-9091-3B12E7DD3956}
		{899BFC43-E16D-41E8-A294-F993DA76FE78} = {71E697C8-0B56-4CA0-A9D9-410532F0D5FF}
		{A408887C-BDE1-45D2-B9FC-8759FF1D46A5} = {71E697C8-0B56-4CA0-A9D9-410532F0D5FF}
		{CD77E0F8-6C5E-46A4-9B61-11F4A3193BEA} = {71E697C8-0B56-4CA0-A9D9-410532F0D5FF}
		{7835E198-0952-49BF-8D40-A55C22C042AF} = {1F3D2DE2-2B68-49F5-B267-B3394432D308}
	EndGlobalSection
EndGlobal
